
Microsoft Visual Studio Solution File, Format Version 12.00
# Visual Studio Version 16
VisualStudioVersion = 25.0.1706.4
MinimumVisualStudioVersion = 10.0.40219.1
Project("{FAE04EC0-301F-11D3-BF4B-00C04F79EFBC}") = "GGenToPrint", "GGenToPrint\GGenToPrint.csproj", "{9FBDEB07-2372-452A-86E2-12437756800B}"
EndProject
Global
	GlobalSection(SolutionConfigurationPlatforms) = preSolution
		Debug|Any CPU = Debug|Any CPU
		Release|Any CPU = Release|Any CPU
	EndGlobalSection
	GlobalSection(ProjectConfigurationPlatforms) = postSolution
		{9FBDEB07-2372-452A-86E2-12437756800B}.Debug|Any CPU.ActiveCfg = Debug|Any CPU
		{9FBDEB07-2372-452A-86E2-12437756800B}.Debug|Any CPU.Build.0 = Debug|Any CPU
		{9FBDEB07-2372-452A-86E2-12437756800B}.Release|Any CPU.ActiveCfg = Release|Any CPU
		{9FBDEB07-2372-452A-86E2-12437756800B}.Release|Any CPU.Build.0 = Release|Any CPU
	EndGlobalSection
	GlobalSection(SolutionProperties) = preSolution
		HideSolutionNode = FALSE
	EndGlobalSection
	GlobalSection(ExtensibilityGlobals) = postSolution
		SolutionGuid = {A71D806F-A582-43B7-966C-CEBCEBF2B27C}
	EndGlobalSection
EndGlobal
